// !$*UTF8*$!
{
	archiveVersion = 1;
	classes = {
	};
	objectVersion = 46;
	objects = {

/* Begin PBXBuildFile section */
		158F559A1EFAE6E700F64EB3 /* ImageViewController.swift in Sources */ = {isa = PBXBuildFile; fileRef = 158F55991EFAE6E700F64EB3 /* ImageViewController.swift */; };
		158F559C1EFAEB1300F64EB3 /* DemoURL.swift in Sources */ = {isa = PBXBuildFile; fileRef = 158F559B1EFAEB1300F64EB3 /* DemoURL.swift */; };
		7DF238AB1EFA433F00F8FF2A /* AppDelegate.swift in Sources */ = {isa = PBXBuildFile; fileRef = 7DF238AA1EFA433F00F8FF2A /* AppDelegate.swift */; };
		7DF238B01EFA433F00F8FF2A /* Main.storyboard in Resources */ = {isa = PBXBuildFile; fileRef = 7DF238AE1EFA433F00F8FF2A /* Main.storyboard */; };
		7DF238B21EFA433F00F8FF2A /* Assets.xcassets in Resources */ = {isa = PBXBuildFile; fileRef = 7DF238B11EFA433F00F8FF2A /* Assets.xcassets */; };
		7DF238B51EFA433F00F8FF2A /* LaunchScreen.storyboard in Resources */ = {isa = PBXBuildFile; fileRef = 7DF238B31EFA433F00F8FF2A /* LaunchScreen.storyboard */; };
/* End PBXBuildFile section */

/* Begin PBXFileReference section */
		158F55991EFAE6E700F64EB3 /* ImageViewController.swift */ = {isa = PBXFileReference; fileEncoding = 4; lastKnownFileType = sourcecode.swift; path = ImageViewController.swift; sourceTree = "<group>"; };
		158F559B1EFAEB1300F64EB3 /* DemoURL.swift */ = {isa = PBXFileReference; fileEncoding = 4; lastKnownFileType = sourcecode.swift; path = DemoURL.swift; sourceTree = "<group>"; };
		7DF238A71EFA433F00F8FF2A /* Cassini.app */ = {isa = PBXFileReference; explicitFileType = wrapper.application; includeInIndex = 0; path = Cassini.app; sourceTree = BUILT_PRODUCTS_DIR; };
		7DF238AA1EFA433F00F8FF2A /* AppDelegate.swift */ = {isa = PBXFileReference; lastKnownFileType = sourcecode.swift; path = AppDelegate.swift; sourceTree = "<group>"; };
		7DF238AF1EFA433F00F8FF2A /* Base */ = {isa = PBXFileReference; lastKnownFileType = file.storyboard; name = Base; path = Base.lproj/Main.storyboard; sourceTree = "<group>"; };
		7DF238B11EFA433F00F8FF2A /* Assets.xcassets */ = {isa = PBXFileReference; lastKnownFileType = folder.assetcatalog; path = Assets.xcassets; sourceTree = "<group>"; };
		7DF238B41EFA433F00F8FF2A /* Base */ = {isa = PBXFileReference; lastKnownFileType = file.storyboard; name = Base; path = Base.lproj/LaunchScreen.storyboard; sourceTree = "<group>"; };
		7DF238B61EFA433F00F8FF2A /* Info.plist */ = {isa = PBXFileReference; lastKnownFileType = text.plist.xml; path = Info.plist; sourceTree = "<group>"; };
/* End PBXFileReference section */

/* Begin PBXFrameworksBuildPhase section */
		7DF238A41EFA433F00F8FF2A /* Frameworks */ = {
			isa = PBXFrameworksBuildPhase;
			buildActionMask = 2147483647;
			files = (
			);
			runOnlyForDeploymentPostprocessing = 0;
		};
/* End PBXFrameworksBuildPhase section */

/* Begin PBXGroup section */
		158F55981EFAE64800F64EB3 /* Support Files */ = {
			isa = PBXGroup;
			children = (
				7DF238AA1EFA433F00F8FF2A /* AppDelegate.swift */,
				7DF238B11EFA433F00F8FF2A /* Assets.xcassets */,
				7DF238B31EFA433F00F8FF2A /* LaunchScreen.storyboard */,
			);
			name = "Support Files";
			sourceTree = "<group>";
		};
		7DF2389E1EFA433F00F8FF2A = {
			isa = PBXGroup;
			children = (
				7DF238A91EFA433F00F8FF2A /* Cassini */,
				7DF238A81EFA433F00F8FF2A /* Products */,
			);
			sourceTree = "<group>";
		};
		7DF238A81EFA433F00F8FF2A /* Products */ = {
			isa = PBXGroup;
			children = (
				7DF238A71EFA433F00F8FF2A /* Cassini.app */,
			);
			name = Products;
			sourceTree = "<group>";
		};
		7DF238A91EFA433F00F8FF2A /* Cassini */ = {
			isa = PBXGroup;
			children = (
				158F55991EFAE6E700F64EB3 /* ImageViewController.swift */,
				7DF238AE1EFA433F00F8FF2A /* Main.storyboard */,
				158F559B1EFAEB1300F64EB3 /* DemoURL.swift */,
				7DF238B61EFA433F00F8FF2A /* Info.plist */,
				158F55981EFAE64800F64EB3 /* Support Files */,
			);
			path = Cassini;
			sourceTree = "<group>";
		};
/* End PBXGroup section */

/* Begin PBXNativeTarget section */
		7DF238A61EFA433F00F8FF2A /* Cassini */ = {
			isa = PBXNativeTarget;
			buildConfigurationList = 7DF238B91EFA433F00F8FF2A /* Build configuration list for PBXNativeTarget "Cassini" */;
			buildPhases = (
				7DF238A31EFA433F00F8FF2A /* Sources */,
				7DF238A41EFA433F00F8FF2A /* Frameworks */,
				7DF238A51EFA433F00F8FF2A /* Resources */,
			);
			buildRules = (
			);
			dependencies = (
			);
			name = Cassini;
			productName = Cassini;
			productReference = 7DF238A71EFA433F00F8FF2A /* Cassini.app */;
			productType = "com.apple.product-type.application";
		};
/* End PBXNativeTarget section */

/* Begin PBXProject section */
		7DF2389F1EFA433F00F8FF2A /* Project object */ = {
			isa = PBXProject;
			attributes = {
				LastSwiftUpdateCheck = 0830;
				LastUpgradeCheck = 0830;
				ORGANIZATIONNAME = "Suzukawa Solutions";
				TargetAttributes = {
					7DF238A61EFA433F00F8FF2A = {
						CreatedOnToolsVersion = 8.3.3;
						DevelopmentTeam = W7E45M9TQZ;
						ProvisioningStyle = Automatic;
					};
				};
			};
			buildConfigurationList = 7DF238A21EFA433F00F8FF2A /* Build configuration list for PBXProject "Cassini" */;
			compatibilityVersion = "Xcode 3.2";
			developmentRegion = English;
			hasScannedForEncodings = 0;
			knownRegions = (
				en,
				Base,
			);
			mainGroup = 7DF2389E1EFA433F00F8FF2A;
			productRefGroup = 7DF238A81EFA433F00F8FF2A /* Products */;
			projectDirPath = "";
			projectRoot = "";
			targets = (
				7DF238A61EFA433F00F8FF2A /* Cassini */,
			);
		};
/* End PBXProject section */

/* Begin PBXResourcesBuildPhase section */
		7DF238A51EFA433F00F8FF2A /* Resources */ = {
			isa = PBXResourcesBuildPhase;
			buildActionMask = 2147483647;
			files = (
				7DF238B51EFA433F00F8FF2A /* LaunchScreen.storyboard in Resources */,
				7DF238B21EFA433F00F8FF2A /* Assets.xcassets in Resources */,
				7DF238B01EFA433F00F8FF2A /* Main.storyboard in Resources */,
			);
			runOnlyForDeploymentPostprocessing = 0;
		};
/* End PBXResourcesBuildPhase section */

/* Begin PBXSourcesBuildPhase section */
		7DF238A31EFA433F00F8FF2A /* Sources */ = {
			isa = PBXSourcesBuildPhase;
			buildActionMask = 2147483647;
			files = (
				158F559A1EFAE6E700F64EB3 /* ImageViewController.swift in Sources */,
				7DF238AB1EFA433F00F8FF2A /* AppDelegate.swift in Sources */,
				158F559C1EFAEB1300F64EB3 /* DemoURL.swift in Sources */,
			);
			runOnlyForDeploymentPostprocessing = 0;
		};
/* End PBXSourcesBuildPhase section */

/* Begin PBXVariantGroup section */
		7DF238AE1EFA433F00F8FF2A /* Main.storyboard */ = {
			isa = PBXVariantGroup;
			children = (
				7DF238AF1EFA433F00F8FF2A /* Base */,
			);
			name = Main.storyboard;
			sourceTree = "<group>";
		};
		7DF238B31EFA433F00F8FF2A /* LaunchScreen.storyboard */ = {
			isa = PBXVariantGroup;
			children = (
				7DF238B41EFA433F00F8FF2A /* Base */,
			);
			name = LaunchScreen.storyboard;
			sourceTree = "<group>";
		};
/* End PBXVariantGroup section */

/* Begin XCBuildConfiguration section */
		7DF238B71EFA433F00F8FF2A /* Debug */ = {
			isa = XCBuildConfiguration;
			buildSettings = {
				ALWAYS_SEARCH_USER_PATHS = NO;
				CLANG_ANALYZER_NONNULL = YES;
				CLANG_ANALYZER_NUMBER_OBJECT_CONVERSION = YES_AGGRESSIVE;
				CLANG_CXX_LANGUAGE_STANDARD = "gnu++0x";
				CLANG_CXX_LIBRARY = "libc++";
				CLANG_ENABLE_MODULES = YES;
				CLANG_ENABLE_OBJC_ARC = YES;
				CLANG_WARN_BOOL_CONVERSION = YES;
				CLANG_WARN_CONSTANT_CONVERSION = YES;
				CLANG_WARN_DIRECT_OBJC_ISA_USAGE = YES_ERROR;
				CLANG_WARN_DOCUMENTATION_COMMENTS = YES;
				CLANG_WARN_EMPTY_BODY = YES;
				CLANG_WARN_ENUM_CONVERSION = YES;
				CLANG_WARN_INFINITE_RECURSION = YES;
				CLANG_WARN_INT_CONVERSION = YES;
				CLANG_WARN_OBJC_ROOT_CLASS = YES_ERROR;
				CLANG_WARN_SUSPICIOUS_MOVE = YES;
				CLANG_WARN_UNREACHABLE_CODE = YES;
				CLANG_WARN__DUPLICATE_METHOD_MATCH = YES;
				"CODE_SIGN_IDENTITY[sdk=iphoneos*]" = "iPhone Developer";
				COPY_PHASE_STRIP = NO;
				DEBUG_INFORMATION_FORMAT = dwarf;
				ENABLE_STRICT_OBJC_MSGSEND = YES;
				ENABLE_TESTABILITY = YES;
				GCC_C_LANGUAGE_STANDARD = gnu99;
				GCC_DYNAMIC_NO_PIC = NO;
				GCC_NO_COMMON_BLOCKS = YES;
				GCC_OPTIMIZATION_LEVEL = 0;
				GCC_PREPROCESSOR_DEFINITIONS = (
					"DEBUG=1",
					"$(inherited)",
				);
				GCC_WARN_64_TO_32_BIT_CONVERSION = YES;
				GCC_WARN_ABOUT_RETURN_TYPE = YES_ERROR;
				GCC_WARN_UNDECLARED_SELECTOR = YES;
				GCC_WARN_UNINITIALIZED_AUTOS = YES_AGGRESSIVE;
				GCC_WARN_UNUSED_FUNCTION = YES;
				GCC_WARN_UNUSED_VARIABLE = YES;
				IPHONEOS_DEPLOYMENT_TARGET = 10.3;
				MTL_ENABLE_DEBUG_INFO = YES;
				ONLY_ACTIVE_ARCH = YES;
				SDKROOT = iphoneos;
				SWIFT_ACTIVE_COMPILATION_CONDITIONS = DEBUG;
				SWIFT_OPTIMIZATION_LEVEL = "-Onone";
				TARGETED_DEVICE_FAMILY = "1,2";
			};
			name = Debug;
		};
		7DF238B81EFA433F00F8FF2A /* Release */ = {
			isa = XCBuildConfiguration;
			buildSettings = {
				ALWAYS_SEARCH_USER_PATHS = NO;
				CLANG_ANALYZER_NONNULL = YES;
				CLANG_ANALYZER_NUMBER_OBJECT_CONVERSION = YES_AGGRESSIVE;
				CLANG_CXX_LANGUAGE_STANDARD = "gnu++0x";
				CLANG_CXX_LIBRARY = "libc++";
				CLANG_ENABLE_MODULES = YES;
				CLANG_ENABLE_OBJC_ARC = YES;
				CLANG_WARN_BOOL_CONVERSION = YES;
				CLANG_WARN_CONSTANT_CONVERSION = YES;
				CLANG_WARN_DIRECT_OBJC_ISA_USAGE = YES_ERROR;
				CLANG_WARN_DOCUMENTATION_COMMENTS = YES;
				CLANG_WARN_EMPTY_BODY = YES;
				CLANG_WARN_ENUM_CONVERSION = YES;
				CLANG_WARN_INFINITE_RECURSION = YES;
				CLANG_WARN_INT_CONVERSION = YES;
				CLANG_WARN_OBJC_ROOT_CLASS = YES_ERROR;
				CLANG_WARN_SUSPICIOUS_MOVE = YES;
				CLANG_WARN_UNREACHABLE_CODE = YES;
				CLANG_WARN__DUPLICATE_METHOD_MATCH = YES;
				"CODE_SIGN_IDENTITY[sdk=iphoneos*]" = "iPhone Developer";
				COPY_PHASE_STRIP = NO;
				DEBUG_INFORMATION_FORMAT = "dwarf-with-dsym";
				ENABLE_NS_ASSERTIONS = NO;
				ENABLE_STRICT_OBJC_MSGSEND = YES;
				GCC_C_LANGUAGE_STANDARD = gnu99;
				GCC_NO_COMMON_BLOCKS = YES;
				GCC_WARN_64_TO_32_BIT_CONVERSION = YES;
				GCC_WARN_ABOUT_RETURN_TYPE = YES_ERROR;
				GCC_WARN_UNDECLARED_SELECTOR = YES;
				GCC_WARN_UNINITIALIZED_AUTOS = YES_AGGRESSIVE;
				GCC_WARN_UNUSED_FUNCTION = YES;
				GCC_WARN_UNUSED_VARIABLE = YES;
				IPHONEOS_DEPLOYMENT_TARGET = 10.3;
				MTL_ENABLE_DEBUG_INFO = NO;
				SDKROOT = iphoneos;
				SWIFT_OPTIMIZATION_LEVEL = "-Owholemodule";
				TARGETED_DEVICE_FAMILY = "1,2";
				VALIDATE_PRODUCT = YES;
			};
			name = Release;
		};
		7DF238BA1EFA433F00F8FF2A /* Debug */ = {
			isa = XCBuildConfiguration;
			buildSettings = {
				ASSETCATALOG_COMPILER_APPICON_NAME = AppIcon;
				DEVELOPMENT_TEAM = W7E45M9TQZ;
				INFOPLIST_FILE = Cassini/Info.plist;
				LD_RUNPATH_SEARCH_PATHS = "$(inherited) @executable_path/Frameworks";
				PRODUCT_BUNDLE_IDENTIFIER = com.suzukawa.Cassini;
				PRODUCT_NAME = "$(TARGET_NAME)";
				SWIFT_VERSION = 3.0;
			};
			name = Debug;
		};
		7DF238BB1EFA433F00F8FF2A /* Release */ = {
			isa = XCBuildConfiguration;
			buildSettings = {
				ASSETCATALOG_COMPILER_APPICON_NAME = AppIcon;
				DEVELOPMENT_TEAM = W7E45M9TQZ;
				INFOPLIST_FILE = Cassini/Info.plist;
				LD_RUNPATH_SEARCH_PATHS = "$(inherited) @executable_path/Frameworks";
				PRODUCT_BUNDLE_IDENTIFIER = com.suzukawa.Cassini;
				PRODUCT_NAME = "$(TARGET_NAME)";
				SWIFT_VERSION = 3.0;
			};
			name = Release;
		};
/* End XCBuildConfiguration section */

/* Begin XCConfigurationList section */
		7DF238A21EFA433F00F8FF2A /* Build configuration list for PBXProject "Cassini" */ = {
			isa = XCConfigurationList;
			buildConfigurations = (
				7DF238B71EFA433F00F8FF2A /* Debug */,
				7DF238B81EFA433F00F8FF2A /* Release */,
			);
			defaultConfigurationIsVisible = 0;
			defaultConfigurationName = Release;
		};
		7DF238B91EFA433F00F8FF2A /* Build configuration list for PBXNativeTarget "Cassini" */ = {
			isa = XCConfigurationList;
			buildConfigurations = (
				7DF238BA1EFA433F00F8FF2A /* Debug */,
				7DF238BB1EFA433F00F8FF2A /* Release */,
			);
			defaultConfigurationIsVisible = 0;
			defaultConfigurationName = Release;
		};
/* End XCConfigurationList section */
	};
	rootObject = 7DF2389F1EFA433F00F8FF2A /* Project object */;
}
